// !$*UTF8*$!
{
	archiveVersion = 1;
	classes = {
	};
	objectVersion = 46;
	objects = {

/* Begin PBXBuildFile section */
		023431A11A39915B001AEEC4 /* AppDelegate.swift in Sources */ = {isa = PBXBuildFile; fileRef = 023431A01A39915B001AEEC4 /* AppDelegate.swift */; };
		023431A41A39915B001AEEC4 /* MyLog.xcdatamodeld in Sources */ = {isa = PBXBuildFile; fileRef = 023431A21A39915B001AEEC4 /* MyLog.xcdatamodeld */; };
		023431A61A39915B001AEEC4 /* ViewController.swift in Sources */ = {isa = PBXBuildFile; fileRef = 023431A51A39915B001AEEC4 /* ViewController.swift */; };
		023431A91A39915B001AEEC4 /* Main.storyboard in Resources */ = {isa = PBXBuildFile; fileRef = 023431A71A39915B001AEEC4 /* Main.storyboard */; };
		023431AB1A39915B001AEEC4 /* Images.xcassets in Resources */ = {isa = PBXBuildFile; fileRef = 023431AA1A39915B001AEEC4 /* Images.xcassets */; };
		023431AE1A39915B001AEEC4 /* LaunchScreen.xib in Resources */ = {isa = PBXBuildFile; fileRef = 023431AC1A39915B001AEEC4 /* LaunchScreen.xib */; };
		023431BA1A39915B001AEEC4 /* MyLogTests.swift in Sources */ = {isa = PBXBuildFile; fileRef = 023431B91A39915B001AEEC4 /* MyLogTests.swift */; };
/* End PBXBuildFile section */

/* Begin PBXContainerItemProxy section */
		023431B41A39915B001AEEC4 /* PBXContainerItemProxy */ = {
			isa = PBXContainerItemProxy;
			containerPortal = 023431931A39915B001AEEC4 /* Project object */;
			proxyType = 1;
			remoteGlobalIDString = 0234319A1A39915B001AEEC4;
			remoteInfo = MyLog;
		};
/* End PBXContainerItemProxy section */

/* Begin PBXFileReference section */
		0234319B1A39915B001AEEC4 /* MyLog.app */ = {isa = PBXFileReference; explicitFileType = wrapper.application; includeInIndex = 0; path = MyLog.app; sourceTree = BUILT_PRODUCTS_DIR; };
		0234319F1A39915B001AEEC4 /* Info.plist */ = {isa = PBXFileReference; lastKnownFileType = text.plist.xml; path = Info.plist; sourceTree = "<group>"; };
		023431A01A39915B001AEEC4 /* AppDelegate.swift */ = {isa = PBXFileReference; lastKnownFileType = sourcecode.swift; path = AppDelegate.swift; sourceTree = "<group>"; };
		023431A31A39915B001AEEC4 /* MyLog.xcdatamodel */ = {isa = PBXFileReference; lastKnownFileType = wrapper.xcdatamodel; path = MyLog.xcdatamodel; sourceTree = "<group>"; };
		023431A51A39915B001AEEC4 /* ViewController.swift */ = {isa = PBXFileReference; lastKnownFileType = sourcecode.swift; path = ViewController.swift; sourceTree = "<group>"; };
		023431A81A39915B001AEEC4 /* Base */ = {isa = PBXFileReference; lastKnownFileType = file.storyboard; name = Base; path = Base.lproj/Main.storyboard; sourceTree = "<group>"; };
		023431AA1A39915B001AEEC4 /* Images.xcassets */ = {isa = PBXFileReference; lastKnownFileType = folder.assetcatalog; path = Images.xcassets; sourceTree = "<group>"; };
		023431AD1A39915B001AEEC4 /* Base */ = {isa = PBXFileReference; lastKnownFileType = file.xib; name = Base; path = Base.lproj/LaunchScreen.xib; sourceTree = "<group>"; };
		023431B31A39915B001AEEC4 /* MyLogTests.xctest */ = {isa = PBXFileReference; explicitFileType = wrapper.cfbundle; includeInIndex = 0; path = MyLogTests.xctest; sourceTree = BUILT_PRODUCTS_DIR; };
		023431B81A39915B001AEEC4 /* Info.plist */ = {isa = PBXFileReference; lastKnownFileType = text.plist.xml; path = Info.plist; sourceTree = "<group>"; };
		023431B91A39915B001AEEC4 /* MyLogTests.swift */ = {isa = PBXFileReference; lastKnownFileType = sourcecode.swift; path = MyLogTests.swift; sourceTree = "<group>"; };
/* End PBXFileReference section */

/* Begin PBXFrameworksBuildPhase section */
		023431981A39915B001AEEC4 /* Frameworks */ = {
			isa = PBXFrameworksBuildPhase;
			buildActionMask = 2147483647;
			files = (
			);
			runOnlyForDeploymentPostprocessing = 0;
		};
		023431B01A39915B001AEEC4 /* Frameworks */ = {
			isa = PBXFrameworksBuildPhase;
			buildActionMask = 2147483647;
			files = (
			);
			runOnlyForDeploymentPostprocessing = 0;
		};
/* End PBXFrameworksBuildPhase section */

/* Begin PBXGroup section */
		023431921A39915B001AEEC4 = {
			isa = PBXGroup;
			children = (
				0234319D1A39915B001AEEC4 /* MyLog */,
				023431B61A39915B001AEEC4 /* MyLogTests */,
				0234319C1A39915B001AEEC4 /* Products */,
			);
			sourceTree = "<group>";
		};
		0234319C1A39915B001AEEC4 /* Products */ = {
			isa = PBXGroup;
			children = (
				0234319B1A39915B001AEEC4 /* MyLog.app */,
				023431B31A39915B001AEEC4 /* MyLogTests.xctest */,
			);
			name = Products;
			sourceTree = "<group>";
		};
		0234319D1A39915B001AEEC4 /* MyLog */ = {
			isa = PBXGroup;
			children = (
				023431A01A39915B001AEEC4 /* AppDelegate.swift */,
				023431A51A39915B001AEEC4 /* ViewController.swift */,
				023431A71A39915B001AEEC4 /* Main.storyboard */,
				023431AA1A39915B001AEEC4 /* Images.xcassets */,
				023431AC1A39915B001AEEC4 /* LaunchScreen.xib */,
				023431A21A39915B001AEEC4 /* MyLog.xcdatamodeld */,
				0234319E1A39915B001AEEC4 /* Supporting Files */,
			);
			path = MyLog;
			sourceTree = "<group>";
		};
		0234319E1A39915B001AEEC4 /* Supporting Files */ = {
			isa = PBXGroup;
			children = (
				0234319F1A39915B001AEEC4 /* Info.plist */,
			);
			name = "Supporting Files";
			sourceTree = "<group>";
		};
		023431B61A39915B001AEEC4 /* MyLogTests */ = {
			isa = PBXGroup;
			children = (
				023431B91A39915B001AEEC4 /* MyLogTests.swift */,
				023431B71A39915B001AEEC4 /* Supporting Files */,
			);
			path = MyLogTests;
			sourceTree = "<group>";
		};
		023431B71A39915B001AEEC4 /* Supporting Files */ = {
			isa = PBXGroup;
			children = (
				023431B81A39915B001AEEC4 /* Info.plist */,
			);
			name = "Supporting Files";
			sourceTree = "<group>";
		};
/* End PBXGroup section */

/* Begin PBXNativeTarget section */
		0234319A1A39915B001AEEC4 /* MyLog */ = {
			isa = PBXNativeTarget;
			buildConfigurationList = 023431BD1A39915B001AEEC4 /* Build configuration list for PBXNativeTarget "MyLog" */;
			buildPhases = (
				023431971A39915B001AEEC4 /* Sources */,
				023431981A39915B001AEEC4 /* Frameworks */,
				023431991A39915B001AEEC4 /* Resources */,
			);
			buildRules = (
			);
			dependencies = (
			);
			name = MyLog;
			productName = MyLog;
			productReference = 0234319B1A39915B001AEEC4 /* MyLog.app */;
			productType = "com.apple.product-type.application";
		};
		023431B21A39915B001AEEC4 /* MyLogTests */ = {
			isa = PBXNativeTarget;
			buildConfigurationList = 023431C01A39915B001AEEC4 /* Build configuration list for PBXNativeTarget "MyLogTests" */;
			buildPhases = (
				023431AF1A39915B001AEEC4 /* Sources */,
				023431B01A39915B001AEEC4 /* Frameworks */,
				023431B11A39915B001AEEC4 /* Resources */,
			);
			buildRules = (
			);
			dependencies = (
				023431B51A39915B001AEEC4 /* PBXTargetDependency */,
			);
			name = MyLogTests;
			productName = MyLogTests;
			productReference = 023431B31A39915B001AEEC4 /* MyLogTests.xctest */;
			productType = "com.apple.product-type.bundle.unit-test";
		};
/* End PBXNativeTarget section */

/* Begin PBXProject section */
		023431931A39915B001AEEC4 /* Project object */ = {
			isa = PBXProject;
			attributes = {
				LastUpgradeCheck = 0620;
				ORGANIZATIONNAME = "JQ Software LLC";
				TargetAttributes = {
					0234319A1A39915B001AEEC4 = {
						CreatedOnToolsVersion = 6.2;
					};
					023431B21A39915B001AEEC4 = {
						CreatedOnToolsVersion = 6.2;
						TestTargetID = 0234319A1A39915B001AEEC4;
					};
				};
			};
			buildConfigurationList = 023431961A39915B001AEEC4 /* Build configuration list for PBXProject "MyLog" */;
			compatibilityVersion = "Xcode 3.2";
			developmentRegion = English;
			hasScannedForEncodings = 0;
			knownRegions = (
				en,
				Base,
			);
			mainGroup = 023431921A39915B001AEEC4;
			productRefGroup = 0234319C1A39915B001AEEC4 /* Products */;
			projectDirPath = "";
			projectRoot = "";
			targets = (
				0234319A1A39915B001AEEC4 /* MyLog */,
				023431B21A39915B001AEEC4 /* MyLogTests */,
			);
		};
/* End PBXProject section */

/* Begin PBXResourcesBuildPhase section */
		023431991A39915B001AEEC4 /* Resources */ = {
			isa = PBXResourcesBuildPhase;
			buildActionMask = 2147483647;
			files = (
				023431A91A39915B001AEEC4 /* Main.storyboard in Resources */,
				023431AE1A39915B001AEEC4 /* LaunchScreen.xib in Resources */,
				023431AB1A39915B001AEEC4 /* Images.xcassets in Resources */,
			);
			runOnlyForDeploymentPostprocessing = 0;
		};
		023431B11A39915B001AEEC4 /* Resources */ = {
			isa = PBXResourcesBuildPhase;
			buildActionMask = 2147483647;
			files = (
			);
			runOnlyForDeploymentPostprocessing = 0;
		};
/* End PBXResourcesBuildPhase section */

/* Begin PBXSourcesBuildPhase section */
		023431971A39915B001AEEC4 /* Sources */ = {
			isa = PBXSourcesBuildPhase;
			buildActionMask = 2147483647;
			files = (
				023431A61A39915B001AEEC4 /* ViewController.swift in Sources */,
				023431A41A39915B001AEEC4 /* MyLog.xcdatamodeld in Sources */,
				023431A11A39915B001AEEC4 /* AppDelegate.swift in Sources */,
			);
			runOnlyForDeploymentPostprocessing = 0;
		};
		023431AF1A39915B001AEEC4 /* Sources */ = {
			isa = PBXSourcesBuildPhase;
			buildActionMask = 2147483647;
			files = (
				023431BA1A39915B001AEEC4 /* MyLogTests.swift in Sources */,
			);
			runOnlyForDeploymentPostprocessing = 0;
		};
/* End PBXSourcesBuildPhase section */

/* Begin PBXTargetDependency section */
		023431B51A39915B001AEEC4 /* PBXTargetDependency */ = {
			isa = PBXTargetDependency;
			target = 0234319A1A39915B001AEEC4 /* MyLog */;
			targetProxy = 023431B41A39915B001AEEC4 /* PBXContainerItemProxy */;
		};
/* End PBXTargetDependency section */

/* Begin PBXVariantGroup section */
		023431A71A39915B001AEEC4 /* Main.storyboard */ = {
			isa = PBXVariantGroup;
			children = (
				023431A81A39915B001AEEC4 /* Base */,
			);
			name = Main.storyboard;
			sourceTree = "<group>";
		};
		023431AC1A39915B001AEEC4 /* LaunchScreen.xib */ = {
			isa = PBXVariantGroup;
			children = (
				023431AD1A39915B001AEEC4 /* Base */,
			);
			name = LaunchScreen.xib;
			sourceTree = "<group>";
		};
/* End PBXVariantGroup section */

/* Begin XCBuildConfiguration section */
		023431BB1A39915B001AEEC4 /* Debug */ = {
			isa = XCBuildConfiguration;
			buildSettings = {
				ALWAYS_SEARCH_USER_PATHS = NO;
				CLANG_CXX_LANGUAGE_STANDARD = "gnu++0x";
				CLANG_CXX_LIBRARY = "libc++";
				CLANG_ENABLE_MODULES = YES;
				CLANG_ENABLE_OBJC_ARC = YES;
				CLANG_WARN_BOOL_CONVERSION = YES;
				CLANG_WARN_CONSTANT_CONVERSION = YES;
				CLANG_WARN_DIRECT_OBJC_ISA_USAGE = YES_ERROR;
				CLANG_WARN_EMPTY_BODY = YES;
				CLANG_WARN_ENUM_CONVERSION = YES;
				CLANG_WARN_INT_CONVERSION = YES;
				CLANG_WARN_OBJC_ROOT_CLASS = YES_ERROR;
				CLANG_WARN_UNREACHABLE_CODE = YES;
				CLANG_WARN__DUPLICATE_METHOD_MATCH = YES;
				"CODE_SIGN_IDENTITY[sdk=iphoneos*]" = "iPhone Developer";
				COPY_PHASE_STRIP = NO;
				ENABLE_STRICT_OBJC_MSGSEND = YES;
				GCC_C_LANGUAGE_STANDARD = gnu99;
				GCC_DYNAMIC_NO_PIC = NO;
				GCC_OPTIMIZATION_LEVEL = 0;
				GCC_PREPROCESSOR_DEFINITIONS = (
					"DEBUG=1",
					"$(inherited)",
				);
				GCC_SYMBOLS_PRIVATE_EXTERN = NO;
				GCC_WARN_64_TO_32_BIT_CONVERSION = YES;
				GCC_WARN_ABOUT_RETURN_TYPE = YES_ERROR;
				GCC_WARN_UNDECLARED_SELECTOR = YES;
				GCC_WARN_UNINITIALIZED_AUTOS = YES_AGGRESSIVE;
				GCC_WARN_UNUSED_FUNCTION = YES;
				GCC_WARN_UNUSED_VARIABLE = YES;
				IPHONEOS_DEPLOYMENT_TARGET = 8.2;
				MTL_ENABLE_DEBUG_INFO = YES;
				ONLY_ACTIVE_ARCH = YES;
				SDKROOT = iphoneos;
				SWIFT_OPTIMIZATION_LEVEL = "-Onone";
			};
			name = Debug;
		};
		023431BC1A39915B001AEEC4 /* Release */ = {
			isa = XCBuildConfiguration;
			buildSettings = {
				ALWAYS_SEARCH_USER_PATHS = NO;
				CLANG_CXX_LANGUAGE_STANDARD = "gnu++0x";
				CLANG_CXX_LIBRARY = "libc++";
				CLANG_ENABLE_MODULES = YES;
				CLANG_ENABLE_OBJC_ARC = YES;
				CLANG_WARN_BOOL_CONVERSION = YES;
				CLANG_WARN_CONSTANT_CONVERSION = YES;
				CLANG_WARN_DIRECT_OBJC_ISA_USAGE = YES_ERROR;
				CLANG_WARN_EMPTY_BODY = YES;
				CLANG_WARN_ENUM_CONVERSION = YES;
				CLANG_WARN_INT_CONVERSION = YES;
				CLANG_WARN_OBJC_ROOT_CLASS = YES_ERROR;
				CLANG_WARN_UNREACHABLE_CODE = YES;
				CLANG_WARN__DUPLICATE_METHOD_MATCH = YES;
				"CODE_SIGN_IDENTITY[sdk=iphoneos*]" = "iPhone Developer";
				COPY_PHASE_STRIP = YES;
				ENABLE_NS_ASSERTIONS = NO;
				ENABLE_STRICT_OBJC_MSGSEND = YES;
				GCC_C_LANGUAGE_STANDARD = gnu99;
				GCC_WARN_64_TO_32_BIT_CONVERSION = YES;
				GCC_WARN_ABOUT_RETURN_TYPE = YES_ERROR;
				GCC_WARN_UNDECLARED_SELECTOR = YES;
				GCC_WARN_UNINITIALIZED_AUTOS = YES_AGGRESSIVE;
				GCC_WARN_UNUSED_FUNCTION = YES;
				GCC_WARN_UNUSED_VARIABLE = YES;
				IPHONEOS_DEPLOYMENT_TARGET = 8.2;
				MTL_ENABLE_DEBUG_INFO = NO;
				SDKROOT = iphoneos;
				VALIDATE_PRODUCT = YES;
			};
			name = Release;
		};
		023431BE1A39915B001AEEC4 /* Debug */ = {
			isa = XCBuildConfiguration;
			buildSettings = {
				ASSETCATALOG_COMPILER_APPICON_NAME = AppIcon;
				INFOPLIST_FILE = MyLog/Info.plist;
				LD_RUNPATH_SEARCH_PATHS = "$(inherited) @executable_path/Frameworks";
				PRODUCT_NAME = "$(TARGET_NAME)";
			};
			name = Debug;
		};
		023431BF1A39915B001AEEC4 /* Release */ = {
			isa = XCBuildConfiguration;
			buildSettings = {
				ASSETCATALOG_COMPILER_APPICON_NAME = AppIcon;
				INFOPLIST_FILE = MyLog/Info.plist;
				LD_RUNPATH_SEARCH_PATHS = "$(inherited) @executable_path/Frameworks";
				PRODUCT_NAME = "$(TARGET_NAME)";
			};
			name = Release;
		};
		023431C11A39915B001AEEC4 /* Debug */ = {
			isa = XCBuildConfiguration;
			buildSettings = {
				BUNDLE_LOADER = "$(TEST_HOST)";
				FRAMEWORK_SEARCH_PATHS = (
					"$(SDKROOT)/Developer/Library/Frameworks",
					"$(inherited)",
				);
				GCC_PREPROCESSOR_DEFINITIONS = (
					"DEBUG=1",
					"$(inherited)",
				);
				INFOPLIST_FILE = MyLogTests/Info.plist;
				LD_RUNPATH_SEARCH_PATHS = "$(inherited) @executable_path/Frameworks @loader_path/Frameworks";
				PRODUCT_NAME = "$(TARGET_NAME)";
				TEST_HOST = "$(BUILT_PRODUCTS_DIR)/MyLog.app/MyLog";
			};
			name = Debug;
		};
		023431C21A39915B001AEEC4 /* Release */ = {
			isa = XCBuildConfiguration;
			buildSettings = {
				BUNDLE_LOADER = "$(TEST_HOST)";
				FRAMEWORK_SEARCH_PATHS = (
					"$(SDKROOT)/Developer/Library/Frameworks",
					"$(inherited)",
				);
				INFOPLIST_FILE = MyLogTests/Info.plist;
				LD_RUNPATH_SEARCH_PATHS = "$(inherited) @executable_path/Frameworks @loader_path/Frameworks";
				PRODUCT_NAME = "$(TARGET_NAME)";
				TEST_HOST = "$(BUILT_PRODUCTS_DIR)/MyLog.app/MyLog";
			};
			name = Release;
		};
/* End XCBuildConfiguration section */

/* Begin XCConfigurationList section */
		023431961A39915B001AEEC4 /* Build configuration list for PBXProject "MyLog" */ = {
			isa = XCConfigurationList;
			buildConfigurations = (
				023431BB1A39915B001AEEC4 /* Debug */,
				023431BC1A39915B001AEEC4 /* Release */,
			);
			defaultConfigurationIsVisible = 0;
			defaultConfigurationName = Release;
		};
		023431BD1A39915B001AEEC4 /* Build configuration list for PBXNativeTarget "MyLog" */ = {
			isa = XCConfigurationList;
			buildConfigurations = (
				023431BE1A39915B001AEEC4 /* Debug */,
				023431BF1A39915B001AEEC4 /* Release */,
			);
			defaultConfigurationIsVisible = 0;
		};
		023431C01A39915B001AEEC4 /* Build configuration list for PBXNativeTarget "MyLogTests" */ = {
			isa = XCConfigurationList;
			buildConfigurations = (
				023431C11A39915B001AEEC4 /* Debug */,
				023431C21A39915B001AEEC4 /* Release */,
			);
			defaultConfigurationIsVisible = 0;
		};
/* End XCConfigurationList section */

/* Begin XCVersionGroup section */
		023431A21A39915B001AEEC4 /* MyLog.xcdatamodeld */ = {
			isa = XCVersionGroup;
			children = (
				023431A31A39915B001AEEC4 /* MyLog.xcdatamodel */,
			);
			currentVersion = 023431A31A39915B001AEEC4 /* MyLog.xcdatamodel */;
			path = MyLog.xcdatamodeld;
			sourceTree = "<group>";
			versionGroupType = wrapper.xcdatamodel;
		};
/* End XCVersionGroup section */
	};
	rootObject = 023431931A39915B001AEEC4 /* Project object */;
}
